
Microsoft Visual Studio Solution File, Format Version 12.00
# Visual Studio 15
VisualStudioVersion = 15.0.27130.2036
MinimumVisualStudioVersion = 10.0.40219.1
Project("{FAE04EC0-301F-11D3-BF4B-00C04F79EFBC}") = "Inventory", "Inventory\Inventory.csproj", "{C75A87A2-86E4-4A59-917C-A9A3F9E6FC62}"
EndProject
Project("{FAE04EC0-301F-11D3-BF4B-00C04F79EFBC}") = "Helpers", "Helpers\Helpers.csproj", "{63BC6AB9-9BAF-4978-A3DB-FBD8D627629F}"
EndProject
Project("{FAE04EC0-301F-11D3-BF4B-00C04F79EFBC}") = "Venue", "Venue\Venue.csproj", "{273538BC-CCA8-4839-9AF8-16DD99A760E2}"
EndProject
Project("{FAE04EC0-301F-11D3-BF4B-00C04F79EFBC}") = "Payment", "ClassLibrary2\Payment.csproj", "{9B79FA74-2013-41B1-A7DD-A7E4C9BD09D1}"
	ProjectSection(ProjectDependencies) = postProject
		{63BC6AB9-9BAF-4978-A3DB-FBD8D627629F} = {63BC6AB9-9BAF-4978-A3DB-FBD8D627629F}
	EndProjectSection
EndProject
Project("{FAE04EC0-301F-11D3-BF4B-00C04F79EFBC}") = "Printing", "Printing\Printing.csproj", "{1D608080-AE9A-42E9-9A02-401288ABA5BC}"
	ProjectSection(ProjectDependencies) = postProject
		{63BC6AB9-9BAF-4978-A3DB-FBD8D627629F} = {63BC6AB9-9BAF-4978-A3DB-FBD8D627629F}
	EndProjectSection
EndProject
Project("{FAE04EC0-301F-11D3-BF4B-00C04F79EFBC}") = "Event", "Event\Event.csproj", "{1D7C3267-EF7B-4E53-892F-615F1FBFA943}"
EndProject
Project("{FAE04EC0-301F-11D3-BF4B-00C04F79EFBC}") = "AC", "ClassLibrary3\AC.csproj", "{3F297E30-4E56-4A97-8D10-D695A9247A0A}"
EndProject
Project("{FAE04EC0-301F-11D3-BF4B-00C04F79EFBC}") = "Booking", "ClassLibrary4\Booking.csproj", "{09CB1626-6930-49C4-BF40-DE2E6A01B18A}"
EndProject
Project("{FAE04EC0-301F-11D3-BF4B-00C04F79EFBC}") = "Contact", "Contact\Contact.csproj", "{7D44E9A6-14BF-41E0-9E2C-416BC4813BE7}"
EndProject
Project("{FAE04EC0-301F-11D3-BF4B-00C04F79EFBC}") = "Security", "Security\Security.csproj", "{433D23D2-731F-484C-85C2-DF472058C858}"
EndProject
Project("{FAE04EC0-301F-11D3-BF4B-00C04F79EFBC}") = "BlackList", "BlackList\BlackList.csproj", "{CE206BBA-DBAA-4616-9397-7DECB9530506}"
EndProject
Project("{FAE04EC0-301F-11D3-BF4B-00C04F79EFBC}") = "QuickVenue", "QuickVenue\QuickVenue.csproj", "{F1E72C0E-1B95-494E-A349-6CAEC75E40FD}"
EndProject
Project("{FAE04EC0-301F-11D3-BF4B-00C04F79EFBC}") = "EventMenu", "EventMenu\EventMenu.csproj", "{C1E7A141-3368-4F14-AADD-2EAB99344C55}"
EndProject
Global
	GlobalSection(SolutionConfigurationPlatforms) = preSolution
		Debug|Any CPU = Debug|Any CPU
		Debug|ARM = Debug|ARM
		Debug|x64 = Debug|x64
		Debug|x86 = Debug|x86
		Release|Any CPU = Release|Any CPU
		Release|ARM = Release|ARM
		Release|x64 = Release|x64
		Release|x86 = Release|x86
	EndGlobalSection
	GlobalSection(ProjectConfigurationPlatforms) = postSolution
		{C75A87A2-86E4-4A59-917C-A9A3F9E6FC62}.Debug|Any CPU.ActiveCfg = Debug|Any CPU
		{C75A87A2-86E4-4A59-917C-A9A3F9E6FC62}.Debug|Any CPU.Build.0 = Debug|Any CPU
		{C75A87A2-86E4-4A59-917C-A9A3F9E6FC62}.Debug|ARM.ActiveCfg = Debug|Any CPU
		{C75A87A2-86E4-4A59-917C-A9A3F9E6FC62}.Debug|ARM.Build.0 = Debug|Any CPU
		{C75A87A2-86E4-4A59-917C-A9A3F9E6FC62}.Debug|x64.ActiveCfg = Debug|Any CPU
		{C75A87A2-86E4-4A59-917C-A9A3F9E6FC62}.Debug|x64.Build.0 = Debug|Any CPU
		{C75A87A2-86E4-4A59-917C-A9A3F9E6FC62}.Debug|x86.ActiveCfg = Debug|Any CPU
		{C75A87A2-86E4-4A59-917C-A9A3F9E6FC62}.Debug|x86.Build.0 = Debug|Any CPU
		{C75A87A2-86E4-4A59-917C-A9A3F9E6FC62}.Release|Any CPU.ActiveCfg = Release|Any CPU
		{C75A87A2-86E4-4A59-917C-A9A3F9E6FC62}.Release|Any CPU.Build.0 = Release|Any CPU
		{C75A87A2-86E4-4A59-917C-A9A3F9E6FC62}.Release|ARM.ActiveCfg = Release|Any CPU
		{C75A87A2-86E4-4A59-917C-A9A3F9E6FC62}.Release|ARM.Build.0 = Release|Any CPU
		{C75A87A2-86E4-4A59-917C-A9A3F9E6FC62}.Release|x64.ActiveCfg = Release|Any CPU
		{C75A87A2-86E4-4A59-917C-A9A3F9E6FC62}.Release|x64.Build.0 = Release|Any CPU
		{C75A87A2-86E4-4A59-917C-A9A3F9E6FC62}.Release|x86.ActiveCfg = Release|Any CPU
		{C75A87A2-86E4-4A59-917C-A9A3F9E6FC62}.Release|x86.Build.0 = Release|Any CPU
		{63BC6AB9-9BAF-4978-A3DB-FBD8D627629F}.Debug|Any CPU.ActiveCfg = Debug|Any CPU
		{63BC6AB9-9BAF-4978-A3DB-FBD8D627629F}.Debug|Any CPU.Build.0 = Debug|Any CPU
		{63BC6AB9-9BAF-4978-A3DB-FBD8D627629F}.Debug|ARM.ActiveCfg = Debug|Any CPU
		{63BC6AB9-9BAF-4978-A3DB-FBD8D627629F}.Debug|ARM.Build.0 = Debug|Any CPU
		{63BC6AB9-9BAF-4978-A3DB-FBD8D627629F}.Debug|x64.ActiveCfg = Debug|Any CPU
		{63BC6AB9-9BAF-4978-A3DB-FBD8D627629F}.Debug|x64.Build.0 = Debug|Any CPU
		{63BC6AB9-9BAF-4978-A3DB-FBD8D627629F}.Debug|x86.ActiveCfg = Debug|Any CPU
		{63BC6AB9-9BAF-4978-A3DB-FBD8D627629F}.Debug|x86.Build.0 = Debug|Any CPU
		{63BC6AB9-9BAF-4978-A3DB-FBD8D627629F}.Release|Any CPU.ActiveCfg = Release|Any CPU
		{63BC6AB9-9BAF-4978-A3DB-FBD8D627629F}.Release|Any CPU.Build.0 = Release|Any CPU
		{63BC6AB9-9BAF-4978-A3DB-FBD8D627629F}.Release|ARM.ActiveCfg = Release|Any CPU
		{63BC6AB9-9BAF-4978-A3DB-FBD8D627629F}.Release|ARM.Build.0 = Release|Any CPU
		{63BC6AB9-9BAF-4978-A3DB-FBD8D627629F}.Release|x64.ActiveCfg = Release|Any CPU
		{63BC6AB9-9BAF-4978-A3DB-FBD8D627629F}.Release|x64.Build.0 = Release|Any CPU
		{63BC6AB9-9BAF-4978-A3DB-FBD8D627629F}.Release|x86.ActiveCfg = Release|Any CPU
		{63BC6AB9-9BAF-4978-A3DB-FBD8D627629F}.Release|x86.Build.0 = Release|Any CPU
		{273538BC-CCA8-4839-9AF8-16DD99A760E2}.Debug|Any CPU.ActiveCfg = Debug|Any CPU
		{273538BC-CCA8-4839-9AF8-16DD99A760E2}.Debug|Any CPU.Build.0 = Debug|Any CPU
		{273538BC-CCA8-4839-9AF8-16DD99A760E2}.Debug|ARM.ActiveCfg = Debug|Any CPU
		{273538BC-CCA8-4839-9AF8-16DD99A760E2}.Debug|ARM.Build.0 = Debug|Any CPU
		{273538BC-CCA8-4839-9AF8-16DD99A760E2}.Debug|x64.ActiveCfg = Debug|Any CPU
		{273538BC-CCA8-4839-9AF8-16DD99A760E2}.Debug|x64.Build.0 = Debug|Any CPU
		{273538BC-CCA8-4839-9AF8-16DD99A760E2}.Debug|x86.ActiveCfg = Debug|Any CPU
		{273538BC-CCA8-4839-9AF8-16DD99A760E2}.Debug|x86.Build.0 = Debug|Any CPU
		{273538BC-CCA8-4839-9AF8-16DD99A760E2}.Release|Any CPU.ActiveCfg = Release|Any CPU
		{273538BC-CCA8-4839-9AF8-16DD99A760E2}.Release|Any CPU.Build.0 = Release|Any CPU
		{273538BC-CCA8-4839-9AF8-16DD99A760E2}.Release|ARM.ActiveCfg = Release|Any CPU
		{273538BC-CCA8-4839-9AF8-16DD99A760E2}.Release|ARM.Build.0 = Release|Any CPU
		{273538BC-CCA8-4839-9AF8-16DD99A760E2}.Release|x64.ActiveCfg = Release|Any CPU
		{273538BC-CCA8-4839-9AF8-16DD99A760E2}.Release|x64.Build.0 = Release|Any CPU
		{273538BC-CCA8-4839-9AF8-16DD99A760E2}.Release|x86.ActiveCfg = Release|Any CPU
		{273538BC-CCA8-4839-9AF8-16DD99A760E2}.Release|x86.Build.0 = Release|Any CPU
		{9B79FA74-2013-41B1-A7DD-A7E4C9BD09D1}.Debug|Any CPU.ActiveCfg = Debug|Any CPU
		{9B79FA74-2013-41B1-A7DD-A7E4C9BD09D1}.Debug|Any CPU.Build.0 = Debug|Any CPU
		{9B79FA74-2013-41B1-A7DD-A7E4C9BD09D1}.Debug|ARM.ActiveCfg = Debug|Any CPU
		{9B79FA74-2013-41B1-A7DD-A7E4C9BD09D1}.Debug|ARM.Build.0 = Debug|Any CPU
		{9B79FA74-2013-41B1-A7DD-A7E4C9BD09D1}.Debug|x64.ActiveCfg = Debug|Any CPU
		{9B79FA74-2013-41B1-A7DD-A7E4C9BD09D1}.Debug|x64.Build.0 = Debug|Any CPU
		{9B79FA74-2013-41B1-A7DD-A7E4C9BD09D1}.Debug|x86.ActiveCfg = Debug|Any CPU
		{9B79FA74-2013-41B1-A7DD-A7E4C9BD09D1}.Debug|x86.Build.0 = Debug|Any CPU
		{9B79FA74-2013-41B1-A7DD-A7E4C9BD09D1}.Release|Any CPU.ActiveCfg = Release|Any CPU
		{9B79FA74-2013-41B1-A7DD-A7E4C9BD09D1}.Release|Any CPU.Build.0 = Release|Any CPU
		{9B79FA74-2013-41B1-A7DD-A7E4C9BD09D1}.Release|ARM.ActiveCfg = Release|Any CPU
		{9B79FA74-2013-41B1-A7DD-A7E4C9BD09D1}.Release|ARM.Build.0 = Release|Any CPU
		{9B79FA74-2013-41B1-A7DD-A7E4C9BD09D1}.Release|x64.ActiveCfg = Release|Any CPU
		{9B79FA74-2013-41B1-A7DD-A7E4C9BD09D1}.Release|x64.Build.0 = Release|Any CPU
		{9B79FA74-2013-41B1-A7DD-A7E4C9BD09D1}.Release|x86.ActiveCfg = Release|Any CPU
		{9B79FA74-2013-41B1-A7DD-A7E4C9BD09D1}.Release|x86.Build.0 = Release|Any CPU
		{1D608080-AE9A-42E9-9A02-401288ABA5BC}.Debug|Any CPU.ActiveCfg = Debug|Any CPU
		{1D608080-AE9A-42E9-9A02-401288ABA5BC}.Debug|Any CPU.Build.0 = Debug|Any CPU
		{1D608080-AE9A-42E9-9A02-401288ABA5BC}.Debug|ARM.ActiveCfg = Debug|Any CPU
		{1D608080-AE9A-42E9-9A02-401288ABA5BC}.Debug|ARM.Build.0 = Debug|Any CPU
		{1D608080-AE9A-42E9-9A02-401288ABA5BC}.Debug|x64.ActiveCfg = Debug|Any CPU
		{1D608080-AE9A-42E9-9A02-401288ABA5BC}.Debug|x64.Build.0 = Debug|Any CPU
		{1D608080-AE9A-42E9-9A02-401288ABA5BC}.Debug|x86.ActiveCfg = Debug|Any CPU
		{1D608080-AE9A-42E9-9A02-401288ABA5BC}.Debug|x86.Build.0 = Debug|Any CPU
		{1D608080-AE9A-42E9-9A02-401288ABA5BC}.Release|Any CPU.ActiveCfg = Release|Any CPU
		{1D608080-AE9A-42E9-9A02-401288ABA5BC}.Release|Any CPU.Build.0 = Release|Any CPU
		{1D608080-AE9A-42E9-9A02-401288ABA5BC}.Release|ARM.ActiveCfg = Release|Any CPU
		{1D608080-AE9A-42E9-9A02-401288ABA5BC}.Release|ARM.Build.0 = Release|Any CPU
		{1D608080-AE9A-42E9-9A02-401288ABA5BC}.Release|x64.ActiveCfg = Release|Any CPU
		{1D608080-AE9A-42E9-9A02-401288ABA5BC}.Release|x64.Build.0 = Release|Any CPU
		{1D608080-AE9A-42E9-9A02-401288ABA5BC}.Release|x86.ActiveCfg = Release|Any CPU
		{1D608080-AE9A-42E9-9A02-401288ABA5BC}.Release|x86.Build.0 = Release|Any CPU
		{1D7C3267-EF7B-4E53-892F-615F1FBFA943}.Debug|Any CPU.ActiveCfg = Debug|Any CPU
		{1D7C3267-EF7B-4E53-892F-615F1FBFA943}.Debug|Any CPU.Build.0 = Debug|Any CPU
		{1D7C3267-EF7B-4E53-892F-615F1FBFA943}.Debug|ARM.ActiveCfg = Debug|Any CPU
		{1D7C3267-EF7B-4E53-892F-615F1FBFA943}.Debug|ARM.Build.0 = Debug|Any CPU
		{1D7C3267-EF7B-4E53-892F-615F1FBFA943}.Debug|x64.ActiveCfg = Debug|Any CPU
		{1D7C3267-EF7B-4E53-892F-615F1FBFA943}.Debug|x64.Build.0 = Debug|Any CPU
		{1D7C3267-EF7B-4E53-892F-615F1FBFA943}.Debug|x86.ActiveCfg = Debug|Any CPU
		{1D7C3267-EF7B-4E53-892F-615F1FBFA943}.Debug|x86.Build.0 = Debug|Any CPU
		{1D7C3267-EF7B-4E53-892F-615F1FBFA943}.Release|Any CPU.ActiveCfg = Release|Any CPU
		{1D7C3267-EF7B-4E53-892F-615F1FBFA943}.Release|Any CPU.Build.0 = Release|Any CPU
		{1D7C3267-EF7B-4E53-892F-615F1FBFA943}.Release|ARM.ActiveCfg = Release|Any CPU
		{1D7C3267-EF7B-4E53-892F-615F1FBFA943}.Release|ARM.Build.0 = Release|Any CPU
		{1D7C3267-EF7B-4E53-892F-615F1FBFA943}.Release|x64.ActiveCfg = Release|Any CPU
		{1D7C3267-EF7B-4E53-892F-615F1FBFA943}.Release|x64.Build.0 = Release|Any CPU
		{1D7C3267-EF7B-4E53-892F-615F1FBFA943}.Release|x86.ActiveCfg = Release|Any CPU
		{1D7C3267-EF7B-4E53-892F-615F1FBFA943}.Release|x86.Build.0 = Release|Any CPU
		{3F297E30-4E56-4A97-8D10-D695A9247A0A}.Debug|Any CPU.ActiveCfg = Debug|Any CPU
		{3F297E30-4E56-4A97-8D10-D695A9247A0A}.Debug|Any CPU.Build.0 = Debug|Any CPU
		{3F297E30-4E56-4A97-8D10-D695A9247A0A}.Debug|ARM.ActiveCfg = Debug|Any CPU
		{3F297E30-4E56-4A97-8D10-D695A9247A0A}.Debug|ARM.Build.0 = Debug|Any CPU
		{3F297E30-4E56-4A97-8D10-D695A9247A0A}.Debug|x64.ActiveCfg = Debug|Any CPU
		{3F297E30-4E56-4A97-8D10-D695A9247A0A}.Debug|x64.Build.0 = Debug|Any CPU
		{3F297E30-4E56-4A97-8D10-D695A9247A0A}.Debug|x86.ActiveCfg = Debug|Any CPU
		{3F297E30-4E56-4A97-8D10-D695A9247A0A}.Debug|x86.Build.0 = Debug|Any CPU
		{3F297E30-4E56-4A97-8D10-D695A9247A0A}.Release|Any CPU.ActiveCfg = Release|Any CPU
		{3F297E30-4E56-4A97-8D10-D695A9247A0A}.Release|Any CPU.Build.0 = Release|Any CPU
		{3F297E30-4E56-4A97-8D10-D695A9247A0A}.Release|ARM.ActiveCfg = Release|Any CPU
		{3F297E30-4E56-4A97-8D10-D695A9247A0A}.Release|ARM.Build.0 = Release|Any CPU
		{3F297E30-4E56-4A97-8D10-D695A9247A0A}.Release|x64.ActiveCfg = Release|Any CPU
		{3F297E30-4E56-4A97-8D10-D695A9247A0A}.Release|x64.Build.0 = Release|Any CPU
		{3F297E30-4E56-4A97-8D10-D695A9247A0A}.Release|x86.ActiveCfg = Release|Any CPU
		{3F297E30-4E56-4A97-8D10-D695A9247A0A}.Release|x86.Build.0 = Release|Any CPU
		{09CB1626-6930-49C4-BF40-DE2E6A01B18A}.Debug|Any CPU.ActiveCfg = Debug|Any CPU
		{09CB1626-6930-49C4-BF40-DE2E6A01B18A}.Debug|Any CPU.Build.0 = Debug|Any CPU
		{09CB1626-6930-49C4-BF40-DE2E6A01B18A}.Debug|ARM.ActiveCfg = Debug|Any CPU
		{09CB1626-6930-49C4-BF40-DE2E6A01B18A}.Debug|ARM.Build.0 = Debug|Any CPU
		{09CB1626-6930-49C4-BF40-DE2E6A01B18A}.Debug|x64.ActiveCfg = Debug|Any CPU
		{09CB1626-6930-49C4-BF40-DE2E6A01B18A}.Debug|x64.Build.0 = Debug|Any CPU
		{09CB1626-6930-49C4-BF40-DE2E6A01B18A}.Debug|x86.ActiveCfg = Debug|Any CPU
		{09CB1626-6930-49C4-BF40-DE2E6A01B18A}.Debug|x86.Build.0 = Debug|Any CPU
		{09CB1626-6930-49C4-BF40-DE2E6A01B18A}.Release|Any CPU.ActiveCfg = Release|Any CPU
		{09CB1626-6930-49C4-BF40-DE2E6A01B18A}.Release|Any CPU.Build.0 = Release|Any CPU
		{09CB1626-6930-49C4-BF40-DE2E6A01B18A}.Release|ARM.ActiveCfg = Release|Any CPU
		{09CB1626-6930-49C4-BF40-DE2E6A01B18A}.Release|ARM.Build.0 = Release|Any CPU
		{09CB1626-6930-49C4-BF40-DE2E6A01B18A}.Release|x64.ActiveCfg = Release|Any CPU
		{09CB1626-6930-49C4-BF40-DE2E6A01B18A}.Release|x64.Build.0 = Release|Any CPU
		{09CB1626-6930-49C4-BF40-DE2E6A01B18A}.Release|x86.ActiveCfg = Release|Any CPU
		{09CB1626-6930-49C4-BF40-DE2E6A01B18A}.Release|x86.Build.0 = Release|Any CPU
		{7D44E9A6-14BF-41E0-9E2C-416BC4813BE7}.Debug|Any CPU.ActiveCfg = Debug|Any CPU
		{7D44E9A6-14BF-41E0-9E2C-416BC4813BE7}.Debug|Any CPU.Build.0 = Debug|Any CPU
		{7D44E9A6-14BF-41E0-9E2C-416BC4813BE7}.Debug|ARM.ActiveCfg = Debug|Any CPU
		{7D44E9A6-14BF-41E0-9E2C-416BC4813BE7}.Debug|ARM.Build.0 = Debug|Any CPU
		{7D44E9A6-14BF-41E0-9E2C-416BC4813BE7}.Debug|x64.ActiveCfg = Debug|Any CPU
		{7D44E9A6-14BF-41E0-9E2C-416BC4813BE7}.Debug|x64.Build.0 = Debug|Any CPU
		{7D44E9A6-14BF-41E0-9E2C-416BC4813BE7}.Debug|x86.ActiveCfg = Debug|Any CPU
		{7D44E9A6-14BF-41E0-9E2C-416BC4813BE7}.Debug|x86.Build.0 = Debug|Any CPU
		{7D44E9A6-14BF-41E0-9E2C-416BC4813BE7}.Release|Any CPU.ActiveCfg = Release|Any CPU
		{7D44E9A6-14BF-41E0-9E2C-416BC4813BE7}.Release|Any CPU.Build.0 = Release|Any CPU
		{7D44E9A6-14BF-41E0-9E2C-416BC4813BE7}.Release|ARM.ActiveCfg = Release|Any CPU
		{7D44E9A6-14BF-41E0-9E2C-416BC4813BE7}.Release|ARM.Build.0 = Release|Any CPU
		{7D44E9A6-14BF-41E0-9E2C-416BC4813BE7}.Release|x64.ActiveCfg = Release|Any CPU
		{7D44E9A6-14BF-41E0-9E2C-416BC4813BE7}.Release|x64.Build.0 = Release|Any CPU
		{7D44E9A6-14BF-41E0-9E2C-416BC4813BE7}.Release|x86.ActiveCfg = Release|Any CPU
		{7D44E9A6-14BF-41E0-9E2C-416BC4813BE7}.Release|x86.Build.0 = Release|Any CPU
		{433D23D2-731F-484C-85C2-DF472058C858}.Debug|Any CPU.ActiveCfg = Debug|Any CPU
		{433D23D2-731F-484C-85C2-DF472058C858}.Debug|Any CPU.Build.0 = Debug|Any CPU
		{433D23D2-731F-484C-85C2-DF472058C858}.Debug|ARM.ActiveCfg = Debug|Any CPU
		{433D23D2-731F-484C-85C2-DF472058C858}.Debug|ARM.Build.0 = Debug|Any CPU
		{433D23D2-731F-484C-85C2-DF472058C858}.Debug|x64.ActiveCfg = Debug|Any CPU
		{433D23D2-731F-484C-85C2-DF472058C858}.Debug|x64.Build.0 = Debug|Any CPU
		{433D23D2-731F-484C-85C2-DF472058C858}.Debug|x86.ActiveCfg = Debug|Any CPU
		{433D23D2-731F-484C-85C2-DF472058C858}.Debug|x86.Build.0 = Debug|Any CPU
		{433D23D2-731F-484C-85C2-DF472058C858}.Release|Any CPU.ActiveCfg = Release|Any CPU
		{433D23D2-731F-484C-85C2-DF472058C858}.Release|Any CPU.Build.0 = Release|Any CPU
		{433D23D2-731F-484C-85C2-DF472058C858}.Release|ARM.ActiveCfg = Release|Any CPU
		{433D23D2-731F-484C-85C2-DF472058C858}.Release|ARM.Build.0 = Release|Any CPU
		{433D23D2-731F-484C-85C2-DF472058C858}.Release|x64.ActiveCfg = Release|Any CPU
		{433D23D2-731F-484C-85C2-DF472058C858}.Release|x64.Build.0 = Release|Any CPU
		{433D23D2-731F-484C-85C2-DF472058C858}.Release|x86.ActiveCfg = Release|Any CPU
		{433D23D2-731F-484C-85C2-DF472058C858}.Release|x86.Build.0 = Release|Any CPU
		{CE206BBA-DBAA-4616-9397-7DECB9530506}.Debug|Any CPU.ActiveCfg = Debug|Any CPU
		{CE206BBA-DBAA-4616-9397-7DECB9530506}.Debug|Any CPU.Build.0 = Debug|Any CPU
		{CE206BBA-DBAA-4616-9397-7DECB9530506}.Debug|ARM.ActiveCfg = Debug|Any CPU
		{CE206BBA-DBAA-4616-9397-7DECB9530506}.Debug|ARM.Build.0 = Debug|Any CPU
		{CE206BBA-DBAA-4616-9397-7DECB9530506}.Debug|x64.ActiveCfg = Debug|Any CPU
		{CE206BBA-DBAA-4616-9397-7DECB9530506}.Debug|x64.Build.0 = Debug|Any CPU
		{CE206BBA-DBAA-4616-9397-7DECB9530506}.Debug|x86.ActiveCfg = Debug|Any CPU
		{CE206BBA-DBAA-4616-9397-7DECB9530506}.Debug|x86.Build.0 = Debug|Any CPU
		{CE206BBA-DBAA-4616-9397-7DECB9530506}.Release|Any CPU.ActiveCfg = Release|Any CPU
		{CE206BBA-DBAA-4616-9397-7DECB9530506}.Release|Any CPU.Build.0 = Release|Any CPU
		{CE206BBA-DBAA-4616-9397-7DECB9530506}.Release|ARM.ActiveCfg = Release|Any CPU
		{CE206BBA-DBAA-4616-9397-7DECB9530506}.Release|ARM.Build.0 = Release|Any CPU
		{CE206BBA-DBAA-4616-9397-7DECB9530506}.Release|x64.ActiveCfg = Release|Any CPU
		{CE206BBA-DBAA-4616-9397-7DECB9530506}.Release|x64.Build.0 = Release|Any CPU
		{CE206BBA-DBAA-4616-9397-7DECB9530506}.Release|x86.ActiveCfg = Release|Any CPU
		{CE206BBA-DBAA-4616-9397-7DECB9530506}.Release|x86.Build.0 = Release|Any CPU
		{F1E72C0E-1B95-494E-A349-6CAEC75E40FD}.Debug|Any CPU.ActiveCfg = Debug|Any CPU
		{F1E72C0E-1B95-494E-A349-6CAEC75E40FD}.Debug|Any CPU.Build.0 = Debug|Any CPU
		{F1E72C0E-1B95-494E-A349-6CAEC75E40FD}.Debug|ARM.ActiveCfg = Debug|Any CPU
		{F1E72C0E-1B95-494E-A349-6CAEC75E40FD}.Debug|ARM.Build.0 = Debug|Any CPU
		{F1E72C0E-1B95-494E-A349-6CAEC75E40FD}.Debug|x64.ActiveCfg = Debug|Any CPU
		{F1E72C0E-1B95-494E-A349-6CAEC75E40FD}.Debug|x64.Build.0 = Debug|Any CPU
		{F1E72C0E-1B95-494E-A349-6CAEC75E40FD}.Debug|x86.ActiveCfg = Debug|Any CPU
		{F1E72C0E-1B95-494E-A349-6CAEC75E40FD}.Debug|x86.Build.0 = Debug|Any CPU
		{F1E72C0E-1B95-494E-A349-6CAEC75E40FD}.Release|Any CPU.ActiveCfg = Release|Any CPU
		{F1E72C0E-1B95-494E-A349-6CAEC75E40FD}.Release|Any CPU.Build.0 = Release|Any CPU
		{F1E72C0E-1B95-494E-A349-6CAEC75E40FD}.Release|ARM.ActiveCfg = Release|Any CPU
		{F1E72C0E-1B95-494E-A349-6CAEC75E40FD}.Release|ARM.Build.0 = Release|Any CPU
		{F1E72C0E-1B95-494E-A349-6CAEC75E40FD}.Release|x64.ActiveCfg = Release|Any CPU
		{F1E72C0E-1B95-494E-A349-6CAEC75E40FD}.Release|x64.Build.0 = Release|Any CPU
		{F1E72C0E-1B95-494E-A349-6CAEC75E40FD}.Release|x86.ActiveCfg = Release|Any CPU
		{F1E72C0E-1B95-494E-A349-6CAEC75E40FD}.Release|x86.Build.0 = Release|Any CPU
		{C1E7A141-3368-4F14-AADD-2EAB99344C55}.Debug|Any CPU.ActiveCfg = Debug|Any CPU
		{C1E7A141-3368-4F14-AADD-2EAB99344C55}.Debug|Any CPU.Build.0 = Debug|Any CPU
		{C1E7A141-3368-4F14-AADD-2EAB99344C55}.Debug|ARM.ActiveCfg = Debug|Any CPU
		{C1E7A141-3368-4F14-AADD-2EAB99344C55}.Debug|ARM.Build.0 = Debug|Any CPU
		{C1E7A141-3368-4F14-AADD-2EAB99344C55}.Debug|x64.ActiveCfg = Debug|Any CPU
		{C1E7A141-3368-4F14-AADD-2EAB99344C55}.Debug|x64.Build.0 = Debug|Any CPU
		{C1E7A141-3368-4F14-AADD-2EAB99344C55}.Debug|x86.ActiveCfg = Debug|Any CPU
		{C1E7A141-3368-4F14-AADD-2EAB99344C55}.Debug|x86.Build.0 = Debug|Any CPU
		{C1E7A141-3368-4F14-AADD-2EAB99344C55}.Release|Any CPU.ActiveCfg = Release|Any CPU
		{C1E7A141-3368-4F14-AADD-2EAB99344C55}.Release|Any CPU.Build.0 = Release|Any CPU
		{C1E7A141-3368-4F14-AADD-2EAB99344C55}.Release|ARM.ActiveCfg = Release|Any CPU
		{C1E7A141-3368-4F14-AADD-2EAB99344C55}.Release|ARM.Build.0 = Release|Any CPU
		{C1E7A141-3368-4F14-AADD-2EAB99344C55}.Release|x64.ActiveCfg = Release|Any CPU
		{C1E7A141-3368-4F14-AADD-2EAB99344C55}.Release|x64.Build.0 = Release|Any CPU
		{C1E7A141-3368-4F14-AADD-2EAB99344C55}.Release|x86.ActiveCfg = Release|Any CPU
		{C1E7A141-3368-4F14-AADD-2EAB99344C55}.Release|x86.Build.0 = Release|Any CPU
	EndGlobalSection
	GlobalSection(SolutionProperties) = preSolution
		HideSolutionNode = FALSE
	EndGlobalSection
	GlobalSection(ExtensibilityGlobals) = postSolution
		SolutionGuid = {17935C7D-5CEB-4B6E-BD74-520901A3D020}
	EndGlobalSection
EndGlobal
